
Microsoft Visual Studio Solution File, Format Version 12.00
# Visual Studio 2012
Project("{FAE04EC0-301F-11D3-BF4B-00C04F79EFBC}") = "RecordableBrowser", "iEmosoft_TestExecutioner\RecordableBrowser.csproj", "{7FBE108D-DF8C-4D3A-B4DA-DA86D17370B9}"
EndProject
Project("{FAE04EC0-301F-11D3-BF4B-00C04F79EFBC}") = "PatientMgmtTests", "PatientMgmtTests\PatientMgmtTests.csproj", "{A2440235-7365-4230-BAA0-32098BDC97B7}"
EndProject
Project("{FAE04EC0-301F-11D3-BF4B-00C04F79EFBC}") = "TestRecorderModel", "TestRecorderModel\TestRecorderModel.csproj", "{233ED5A7-CCA2-4051-A89E-D35E07117A67}"
EndProject
Project("{FAE04EC0-301F-11D3-BF4B-00C04F79EFBC}") = "PMS", "PMS\PMS.csproj", "{A8FDE6F8-8964-42D7-AE21-1151DBEC6123}"
EndProject
Project("{FAE04EC0-301F-11D3-BF4B-00C04F79EFBC}") = "JiraBugEntry", "JiraBugEntry\JiraBugEntry.csproj", "{8D763CA8-991B-417C-B997-35CDD4EEA2AC}"
EndProject
Project("{FAE04EC0-301F-11D3-BF4B-00C04F79EFBC}") = "FogBugzBugEntry", "FogBugzBugEntry\FogBugzBugEntry.csproj", "{8FE57EAF-ACBC-430D-B67D-63CA9C1A43E1}"
EndProject
Global
	GlobalSection(SolutionConfigurationPlatforms) = preSolution
		Debug|Any CPU = Debug|Any CPU
		Release|Any CPU = Release|Any CPU
	EndGlobalSection
	GlobalSection(ProjectConfigurationPlatforms) = postSolution
		{7FBE108D-DF8C-4D3A-B4DA-DA86D17370B9}.Debug|Any CPU.ActiveCfg = Debug|Any CPU
		{7FBE108D-DF8C-4D3A-B4DA-DA86D17370B9}.Debug|Any CPU.Build.0 = Debug|Any CPU
		{7FBE108D-DF8C-4D3A-B4DA-DA86D17370B9}.Release|Any CPU.ActiveCfg = Release|Any CPU
		{7FBE108D-DF8C-4D3A-B4DA-DA86D17370B9}.Release|Any CPU.Build.0 = Release|Any CPU
		{A2440235-7365-4230-BAA0-32098BDC97B7}.Debug|Any CPU.ActiveCfg = Debug|Any CPU
		{A2440235-7365-4230-BAA0-32098BDC97B7}.Debug|Any CPU.Build.0 = Debug|Any CPU
		{A2440235-7365-4230-BAA0-32098BDC97B7}.Release|Any CPU.ActiveCfg = Release|Any CPU
		{A2440235-7365-4230-BAA0-32098BDC97B7}.Release|Any CPU.Build.0 = Release|Any CPU
		{233ED5A7-CCA2-4051-A89E-D35E07117A67}.Debug|Any CPU.ActiveCfg = Debug|Any CPU
		{233ED5A7-CCA2-4051-A89E-D35E07117A67}.Debug|Any CPU.Build.0 = Debug|Any CPU
		{233ED5A7-CCA2-4051-A89E-D35E07117A67}.Release|Any CPU.ActiveCfg = Release|Any CPU
		{233ED5A7-CCA2-4051-A89E-D35E07117A67}.Release|Any CPU.Build.0 = Release|Any CPU
		{A8FDE6F8-8964-42D7-AE21-1151DBEC6123}.Debug|Any CPU.ActiveCfg = Debug|Any CPU
		{A8FDE6F8-8964-42D7-AE21-1151DBEC6123}.Debug|Any CPU.Build.0 = Debug|Any CPU
		{A8FDE6F8-8964-42D7-AE21-1151DBEC6123}.Release|Any CPU.ActiveCfg = Release|Any CPU
		{A8FDE6F8-8964-42D7-AE21-1151DBEC6123}.Release|Any CPU.Build.0 = Release|Any CPU
		{8D763CA8-991B-417C-B997-35CDD4EEA2AC}.Debug|Any CPU.ActiveCfg = Debug|Any CPU
		{8D763CA8-991B-417C-B997-35CDD4EEA2AC}.Debug|Any CPU.Build.0 = Debug|Any CPU
		{8D763CA8-991B-417C-B997-35CDD4EEA2AC}.Release|Any CPU.ActiveCfg = Release|Any CPU
		{8D763CA8-991B-417C-B997-35CDD4EEA2AC}.Release|Any CPU.Build.0 = Release|Any CPU
		{8FE57EAF-ACBC-430D-B67D-63CA9C1A43E1}.Debug|Any CPU.ActiveCfg = Debug|Any CPU
		{8FE57EAF-ACBC-430D-B67D-63CA9C1A43E1}.Debug|Any CPU.Build.0 = Debug|Any CPU
		{8FE57EAF-ACBC-430D-B67D-63CA9C1A43E1}.Release|Any CPU.ActiveCfg = Release|Any CPU
		{8FE57EAF-ACBC-430D-B67D-63CA9C1A43E1}.Release|Any CPU.Build.0 = Release|Any CPU
	EndGlobalSection
	GlobalSection(SolutionProperties) = preSolution
		HideSolutionNode = FALSE
	EndGlobalSection
EndGlobal
