
Microsoft Visual Studio Solution File, Format Version 12.00
# Visual Studio 2013
VisualStudioVersion = 12.0.40629.0
MinimumVisualStudioVersion = 10.0.40219.1
Project("{FAE04EC0-301F-11D3-BF4B-00C04F79EFBC}") = "EmoTestAutomation", "iEmosoft_TestExecutioner\EmoTestAutomation.csproj", "{7FBE108D-DF8C-4D3A-B4DA-DA86D17370B9}"
EndProject
Project("{FAE04EC0-301F-11D3-BF4B-00C04F79EFBC}") = "PMS", "PMS\PMS.csproj", "{A8FDE6F8-8964-42D7-AE21-1151DBEC6123}"
EndProject
Project("{FAE04EC0-301F-11D3-BF4B-00C04F79EFBC}") = "PatientMgmtTests", "PatientMgmtTests\PatientMgmtTests.csproj", "{A2440235-7365-4230-BAA0-32098BDC97B7}"
EndProject
Project("{FAE04EC0-301F-11D3-BF4B-00C04F79EFBC}") = "TestUploaderConsoleApp", "TestUploaderConsoleApp\TestUploaderConsoleApp.csproj", "{DFB47F14-CB17-4E2E-9E75-C9AE83E7498D}"
EndProject
Global
	GlobalSection(SolutionConfigurationPlatforms) = preSolution
		Debug|Any CPU = Debug|Any CPU
		Release|Any CPU = Release|Any CPU
	EndGlobalSection
	GlobalSection(ProjectConfigurationPlatforms) = postSolution
		{7FBE108D-DF8C-4D3A-B4DA-DA86D17370B9}.Debug|Any CPU.ActiveCfg = Debug|Any CPU
		{7FBE108D-DF8C-4D3A-B4DA-DA86D17370B9}.Debug|Any CPU.Build.0 = Debug|Any CPU
		{7FBE108D-DF8C-4D3A-B4DA-DA86D17370B9}.Release|Any CPU.ActiveCfg = Release|Any CPU
		{7FBE108D-DF8C-4D3A-B4DA-DA86D17370B9}.Release|Any CPU.Build.0 = Release|Any CPU
		{A8FDE6F8-8964-42D7-AE21-1151DBEC6123}.Debug|Any CPU.ActiveCfg = Debug|Any CPU
		{A8FDE6F8-8964-42D7-AE21-1151DBEC6123}.Debug|Any CPU.Build.0 = Debug|Any CPU
		{A8FDE6F8-8964-42D7-AE21-1151DBEC6123}.Release|Any CPU.ActiveCfg = Release|Any CPU
		{A8FDE6F8-8964-42D7-AE21-1151DBEC6123}.Release|Any CPU.Build.0 = Release|Any CPU
		{A2440235-7365-4230-BAA0-32098BDC97B7}.Debug|Any CPU.ActiveCfg = Debug|Any CPU
		{A2440235-7365-4230-BAA0-32098BDC97B7}.Debug|Any CPU.Build.0 = Debug|Any CPU
		{A2440235-7365-4230-BAA0-32098BDC97B7}.Release|Any CPU.ActiveCfg = Release|Any CPU
		{A2440235-7365-4230-BAA0-32098BDC97B7}.Release|Any CPU.Build.0 = Release|Any CPU
		{DFB47F14-CB17-4E2E-9E75-C9AE83E7498D}.Debug|Any CPU.ActiveCfg = Debug|Any CPU
		{DFB47F14-CB17-4E2E-9E75-C9AE83E7498D}.Debug|Any CPU.Build.0 = Debug|Any CPU
		{DFB47F14-CB17-4E2E-9E75-C9AE83E7498D}.Release|Any CPU.ActiveCfg = Release|Any CPU
		{DFB47F14-CB17-4E2E-9E75-C9AE83E7498D}.Release|Any CPU.Build.0 = Release|Any CPU
	EndGlobalSection
	GlobalSection(SolutionProperties) = preSolution
		HideSolutionNode = FALSE
	EndGlobalSection
EndGlobal
