
Microsoft Visual Studio Solution File, Format Version 12.00
# Visual Studio Version 16
VisualStudioVersion = 16.0.30225.117
MinimumVisualStudioVersion = 10.0.40219.1
Project("{FAE04EC0-301F-11D3-BF4B-00C04F79EFBC}") = "EmoTestAutomation", "iEmosoft_TestExecutioner\EmoTestAutomation.csproj", "{7FBE108D-DF8C-4D3A-B4DA-DA86D17370B9}"
EndProject
Global
	GlobalSection(SolutionConfigurationPlatforms) = preSolution
		Debug|Any CPU = Debug|Any CPU
		Release|Any CPU = Release|Any CPU
	EndGlobalSection
	GlobalSection(ProjectConfigurationPlatforms) = postSolution
		{7FBE108D-DF8C-4D3A-B4DA-DA86D17370B9}.Debug|Any CPU.ActiveCfg = Debug|Any CPU
		{7FBE108D-DF8C-4D3A-B4DA-DA86D17370B9}.Debug|Any CPU.Build.0 = Debug|Any CPU
		{7FBE108D-DF8C-4D3A-B4DA-DA86D17370B9}.Release|Any CPU.ActiveCfg = Release|Any CPU
		{7FBE108D-DF8C-4D3A-B4DA-DA86D17370B9}.Release|Any CPU.Build.0 = Release|Any CPU
	EndGlobalSection
	GlobalSection(SolutionProperties) = preSolution
		HideSolutionNode = FALSE
	EndGlobalSection
	GlobalSection(ExtensibilityGlobals) = postSolution
		SolutionGuid = {B9F744D9-C7B0-4524-AE23-BD84B7BBEEB2}
	EndGlobalSection
EndGlobal
